
Microsoft Visual Studio Solution File, Format Version 12.00
# Visual Studio Version 16
VisualStudioVersion = 16.0.29926.136
MinimumVisualStudioVersion = 10.0.40219.1
Project("{9A19103F-16F7-4668-BE54-9A1E7A4F7556}") = "MicrosoftAzure", "WebCamTest\MicrosoftAzure.csproj", "{D045CB94-182D-4AE5-93C6-B8E65B89D79D}"
EndProject
Global
	GlobalSection(SolutionConfigurationPlatforms) = preSolution
		Debug|Any CPU = Debug|Any CPU
		Release|Any CPU = Release|Any CPU
	EndGlobalSection
	GlobalSection(ProjectConfigurationPlatforms) = postSolution
		{D045CB94-182D-4AE5-93C6-B8E65B89D79D}.Debug|Any CPU.ActiveCfg = Debug|Any CPU
		{D045CB94-182D-4AE5-93C6-B8E65B89D79D}.Debug|Any CPU.Build.0 = Debug|Any CPU
		{D045CB94-182D-4AE5-93C6-B8E65B89D79D}.Release|Any CPU.ActiveCfg = Release|Any CPU
		{D045CB94-182D-4AE5-93C6-B8E65B89D79D}.Release|Any CPU.Build.0 = Release|Any CPU
	EndGlobalSection
	GlobalSection(SolutionProperties) = preSolution
		HideSolutionNode = FALSE
	EndGlobalSection
	GlobalSection(ExtensibilityGlobals) = postSolution
		SolutionGuid = {3ED458FF-5D01-462E-8199-946153B35FF0}
	EndGlobalSection
EndGlobal
